{
  "name": "custom-jeopardy-server",
  "version": "1.0.0",
  "lockfileVersion": 3,
  "requires": true,
  "packages": {
    "": {
      "name": "custom-jeopardy-server",
      "version": "1.0.0",
      "license": "ISC",
      "dependencies": {
        "custom-jeopardy": "file:.."
      }
    },
    "..": {
      "version": "1.0.0",
      "license": "ISC",
      "dependencies": {
        "concurrently": "^9.2.0"
      }
    },
    "node_modules/custom-jeopardy": {
      "resolved": "..",
      "link": true
    }
  }
}
